
Microsoft Visual Studio Solution File, Format Version 12.00
# Visual Studio 15
VisualStudioVersion = 15.0.28307.1525
MinimumVisualStudioVersion = 10.0.40219.1
Project("{9A19103F-16F7-4668-BE54-9A1E7A4F7556}") = "01. Ages", "01. Ages\01. Ages.csproj", "{31D57801-6088-481A-85CE-E03498713946}"
EndProject
Project("{9A19103F-16F7-4668-BE54-9A1E7A4F7556}") = "02. Division", "02. Division\02. Division.csproj", "{F37E929B-EDDB-44C2-B099-B8C45504DC2E}"
EndProject
Project("{9A19103F-16F7-4668-BE54-9A1E7A4F7556}") = "03. Vacation", "03. Vacation\03. Vacation.csproj", "{741594B6-FB2D-450C-9A70-0A32EE8905E3}"
EndProject
Project("{9A19103F-16F7-4668-BE54-9A1E7A4F7556}") = "04. Print and sum", "04. Print and sum\04. Print and sum.csproj", "{FE1292EC-7989-437B-A0ED-64D5DE596EE0}"
EndProject
Project("{9A19103F-16F7-4668-BE54-9A1E7A4F7556}") = "05. Login", "05. Login\05. Login.csproj", "{6B513CB8-B90C-4F2A-BE98-E332578A35BE}"
EndProject
Project("{FAE04EC0-301F-11D3-BF4B-00C04F79EFBC}") = "06. Strong number", "06. Strong number\06. Strong number.csproj", "{BF0AB146-7044-4B31-9571-45AA76E72934}"
EndProject
Project("{FAE04EC0-301F-11D3-BF4B-00C04F79EFBC}") = "07. Vending Machine", "07. Vending Machine\07. Vending Machine.csproj", "{6413A7B4-98FE-41D6-9C70-B39BDEDABC91}"
EndProject
Project("{FAE04EC0-301F-11D3-BF4B-00C04F79EFBC}") = "08. Triangle of Numbers", "08. Triangle of Numbers\08. Triangle of Numbers.csproj", "{32924E62-F504-482F-91E6-FE06923B48B8}"
EndProject
Project("{FAE04EC0-301F-11D3-BF4B-00C04F79EFBC}") = "09. Padawan Equipment", "09. Padawan Equipment\09. Padawan Equipment.csproj", "{E68F4654-9C3A-40D2-83F8-DE9A8E5775DE}"
EndProject
Project("{FAE04EC0-301F-11D3-BF4B-00C04F79EFBC}") = "10. Rage Expenses", "10. Rage Expenses\10. Rage Expenses.csproj", "{26863D8E-5E73-4BE7-9203-7ED9A32C9FA9}"
EndProject
Global
	GlobalSection(SolutionConfigurationPlatforms) = preSolution
		Debug|Any CPU = Debug|Any CPU
		Release|Any CPU = Release|Any CPU
	EndGlobalSection
	GlobalSection(ProjectConfigurationPlatforms) = postSolution
		{31D57801-6088-481A-85CE-E03498713946}.Debug|Any CPU.ActiveCfg = Debug|Any CPU
		{31D57801-6088-481A-85CE-E03498713946}.Debug|Any CPU.Build.0 = Debug|Any CPU
		{31D57801-6088-481A-85CE-E03498713946}.Release|Any CPU.ActiveCfg = Release|Any CPU
		{31D57801-6088-481A-85CE-E03498713946}.Release|Any CPU.Build.0 = Release|Any CPU
		{F37E929B-EDDB-44C2-B099-B8C45504DC2E}.Debug|Any CPU.ActiveCfg = Debug|Any CPU
		{F37E929B-EDDB-44C2-B099-B8C45504DC2E}.Debug|Any CPU.Build.0 = Debug|Any CPU
		{F37E929B-EDDB-44C2-B099-B8C45504DC2E}.Release|Any CPU.ActiveCfg = Release|Any CPU
		{F37E929B-EDDB-44C2-B099-B8C45504DC2E}.Release|Any CPU.Build.0 = Release|Any CPU
		{741594B6-FB2D-450C-9A70-0A32EE8905E3}.Debug|Any CPU.ActiveCfg = Debug|Any CPU
		{741594B6-FB2D-450C-9A70-0A32EE8905E3}.Debug|Any CPU.Build.0 = Debug|Any CPU
		{741594B6-FB2D-450C-9A70-0A32EE8905E3}.Release|Any CPU.ActiveCfg = Release|Any CPU
		{741594B6-FB2D-450C-9A70-0A32EE8905E3}.Release|Any CPU.Build.0 = Release|Any CPU
		{FE1292EC-7989-437B-A0ED-64D5DE596EE0}.Debug|Any CPU.ActiveCfg = Debug|Any CPU
		{FE1292EC-7989-437B-A0ED-64D5DE596EE0}.Debug|Any CPU.Build.0 = Debug|Any CPU
		{FE1292EC-7989-437B-A0ED-64D5DE596EE0}.Release|Any CPU.ActiveCfg = Release|Any CPU
		{FE1292EC-7989-437B-A0ED-64D5DE596EE0}.Release|Any CPU.Build.0 = Release|Any CPU
		{6B513CB8-B90C-4F2A-BE98-E332578A35BE}.Debug|Any CPU.ActiveCfg = Debug|Any CPU
		{6B513CB8-B90C-4F2A-BE98-E332578A35BE}.Debug|Any CPU.Build.0 = Debug|Any CPU
		{6B513CB8-B90C-4F2A-BE98-E332578A35BE}.Release|Any CPU.ActiveCfg = Release|Any CPU
		{6B513CB8-B90C-4F2A-BE98-E332578A35BE}.Release|Any CPU.Build.0 = Release|Any CPU
		{BF0AB146-7044-4B31-9571-45AA76E72934}.Debug|Any CPU.ActiveCfg = Debug|Any CPU
		{BF0AB146-7044-4B31-9571-45AA76E72934}.Debug|Any CPU.Build.0 = Debug|Any CPU
		{BF0AB146-7044-4B31-9571-45AA76E72934}.Release|Any CPU.ActiveCfg = Release|Any CPU
		{BF0AB146-7044-4B31-9571-45AA76E72934}.Release|Any CPU.Build.0 = Release|Any CPU
		{6413A7B4-98FE-41D6-9C70-B39BDEDABC91}.Debug|Any CPU.ActiveCfg = Debug|Any CPU
		{6413A7B4-98FE-41D6-9C70-B39BDEDABC91}.Debug|Any CPU.Build.0 = Debug|Any CPU
		{6413A7B4-98FE-41D6-9C70-B39BDEDABC91}.Release|Any CPU.ActiveCfg = Release|Any CPU
		{6413A7B4-98FE-41D6-9C70-B39BDEDABC91}.Release|Any CPU.Build.0 = Release|Any CPU
		{32924E62-F504-482F-91E6-FE06923B48B8}.Debug|Any CPU.ActiveCfg = Debug|Any CPU
		{32924E62-F504-482F-91E6-FE06923B48B8}.Debug|Any CPU.Build.0 = Debug|Any CPU
		{32924E62-F504-482F-91E6-FE06923B48B8}.Release|Any CPU.ActiveCfg = Release|Any CPU
		{32924E62-F504-482F-91E6-FE06923B48B8}.Release|Any CPU.Build.0 = Release|Any CPU
		{E68F4654-9C3A-40D2-83F8-DE9A8E5775DE}.Debug|Any CPU.ActiveCfg = Debug|Any CPU
		{E68F4654-9C3A-40D2-83F8-DE9A8E5775DE}.Debug|Any CPU.Build.0 = Debug|Any CPU
		{E68F4654-9C3A-40D2-83F8-DE9A8E5775DE}.Release|Any CPU.ActiveCfg = Release|Any CPU
		{E68F4654-9C3A-40D2-83F8-DE9A8E5775DE}.Release|Any CPU.Build.0 = Release|Any CPU
		{26863D8E-5E73-4BE7-9203-7ED9A32C9FA9}.Debug|Any CPU.ActiveCfg = Debug|Any CPU
		{26863D8E-5E73-4BE7-9203-7ED9A32C9FA9}.Debug|Any CPU.Build.0 = Debug|Any CPU
		{26863D8E-5E73-4BE7-9203-7ED9A32C9FA9}.Release|Any CPU.ActiveCfg = Release|Any CPU
		{26863D8E-5E73-4BE7-9203-7ED9A32C9FA9}.Release|Any CPU.Build.0 = Release|Any CPU
	EndGlobalSection
	GlobalSection(SolutionProperties) = preSolution
		HideSolutionNode = FALSE
	EndGlobalSection
	GlobalSection(ExtensibilityGlobals) = postSolution
		SolutionGuid = {9AEE8108-A896-4065-8E89-58E1123602B7}
	EndGlobalSection
EndGlobal
