
Microsoft Visual Studio Solution File, Format Version 12.00
# Visual Studio 15
VisualStudioVersion = 15.0.28307.1500
MinimumVisualStudioVersion = 10.0.40219.1
Project("{FAE04EC0-301F-11D3-BF4B-00C04F79EFBC}") = "ConcatenateData", "ConcatenateData\ConcatenateData.csproj", "{12849101-6535-4F21-B0F3-05017E37A439}"
EndProject
Global
	GlobalSection(SolutionConfigurationPlatforms) = preSolution
		Debug|Any CPU = Debug|Any CPU
		Release|Any CPU = Release|Any CPU
	EndGlobalSection
	GlobalSection(ProjectConfigurationPlatforms) = postSolution
		{12849101-6535-4F21-B0F3-05017E37A439}.Debug|Any CPU.ActiveCfg = Debug|Any CPU
		{12849101-6535-4F21-B0F3-05017E37A439}.Debug|Any CPU.Build.0 = Debug|Any CPU
		{12849101-6535-4F21-B0F3-05017E37A439}.Release|Any CPU.ActiveCfg = Release|Any CPU
		{12849101-6535-4F21-B0F3-05017E37A439}.Release|Any CPU.Build.0 = Release|Any CPU
	EndGlobalSection
	GlobalSection(SolutionProperties) = preSolution
		HideSolutionNode = FALSE
	EndGlobalSection
	GlobalSection(ExtensibilityGlobals) = postSolution
		SolutionGuid = {7572EC09-32D8-43FA-8F21-32CE6883A0C7}
	EndGlobalSection
EndGlobal
