
Microsoft Visual Studio Solution File, Format Version 12.00
# Visual Studio Version 17
VisualStudioVersion = 17.1.32210.238
MinimumVisualStudioVersion = 10.0.40219.1
Project("{FAE04EC0-301F-11D3-BF4B-00C04F79EFBC}") = "01.BakeryShop", "01.BakeryShop\01.BakeryShop.csproj", "{B0325FE4-2642-4483-B46A-4437FD61EFA5}"
EndProject
Project("{FAE04EC0-301F-11D3-BF4B-00C04F79EFBC}") = "02.BeaverAtWork", "02.BeaverAtWork\02.BeaverAtWork.csproj", "{B221238F-90EC-49AC-95D9-F3B528C4F42F}"
EndProject
Project("{FAE04EC0-301F-11D3-BF4B-00C04F79EFBC}") = "03.FishingNet", "03.FishingNet\03.FishingNet.csproj", "{A25E495B-BED2-42F9-8289-18D4978E1D26}"
EndProject
Global
	GlobalSection(SolutionConfigurationPlatforms) = preSolution
		Debug|Any CPU = Debug|Any CPU
		Release|Any CPU = Release|Any CPU
	EndGlobalSection
	GlobalSection(ProjectConfigurationPlatforms) = postSolution
		{B0325FE4-2642-4483-B46A-4437FD61EFA5}.Debug|Any CPU.ActiveCfg = Debug|Any CPU
		{B0325FE4-2642-4483-B46A-4437FD61EFA5}.Debug|Any CPU.Build.0 = Debug|Any CPU
		{B0325FE4-2642-4483-B46A-4437FD61EFA5}.Release|Any CPU.ActiveCfg = Release|Any CPU
		{B0325FE4-2642-4483-B46A-4437FD61EFA5}.Release|Any CPU.Build.0 = Release|Any CPU
		{B221238F-90EC-49AC-95D9-F3B528C4F42F}.Debug|Any CPU.ActiveCfg = Debug|Any CPU
		{B221238F-90EC-49AC-95D9-F3B528C4F42F}.Debug|Any CPU.Build.0 = Debug|Any CPU
		{B221238F-90EC-49AC-95D9-F3B528C4F42F}.Release|Any CPU.ActiveCfg = Release|Any CPU
		{B221238F-90EC-49AC-95D9-F3B528C4F42F}.Release|Any CPU.Build.0 = Release|Any CPU
		{A25E495B-BED2-42F9-8289-18D4978E1D26}.Debug|Any CPU.ActiveCfg = Debug|Any CPU
		{A25E495B-BED2-42F9-8289-18D4978E1D26}.Debug|Any CPU.Build.0 = Debug|Any CPU
		{A25E495B-BED2-42F9-8289-18D4978E1D26}.Release|Any CPU.ActiveCfg = Release|Any CPU
		{A25E495B-BED2-42F9-8289-18D4978E1D26}.Release|Any CPU.Build.0 = Release|Any CPU
	EndGlobalSection
	GlobalSection(SolutionProperties) = preSolution
		HideSolutionNode = FALSE
	EndGlobalSection
	GlobalSection(ExtensibilityGlobals) = postSolution
		SolutionGuid = {66E0EAC5-8750-4BED-B477-D0DDDBCFD95A}
	EndGlobalSection
EndGlobal
