
Microsoft Visual Studio Solution File, Format Version 12.00
# Visual Studio 15
VisualStudioVersion = 15.0.28307.1525
MinimumVisualStudioVersion = 10.0.40219.1
Project("{FAE04EC0-301F-11D3-BF4B-00C04F79EFBC}") = "01. Computer Store", "01. Computer Store\01. Computer Store.csproj", "{0D8387B3-58E6-4225-BF05-26F0443B70DC}"
EndProject
Project("{FAE04EC0-301F-11D3-BF4B-00C04F79EFBC}") = "02. The Lift", "02. The Lift\02. The Lift.csproj", "{71FB8E2C-EC88-45D5-A64F-AC29B373291E}"
EndProject
Project("{FAE04EC0-301F-11D3-BF4B-00C04F79EFBC}") = "03. Memory Game", "03. Memory Game\03. Memory Game.csproj", "{60A4A4C2-60CF-4D51-8229-EB748A6108E7}"
EndProject
Global
	GlobalSection(SolutionConfigurationPlatforms) = preSolution
		Debug|Any CPU = Debug|Any CPU
		Release|Any CPU = Release|Any CPU
	EndGlobalSection
	GlobalSection(ProjectConfigurationPlatforms) = postSolution
		{0D8387B3-58E6-4225-BF05-26F0443B70DC}.Debug|Any CPU.ActiveCfg = Debug|Any CPU
		{0D8387B3-58E6-4225-BF05-26F0443B70DC}.Debug|Any CPU.Build.0 = Debug|Any CPU
		{0D8387B3-58E6-4225-BF05-26F0443B70DC}.Release|Any CPU.ActiveCfg = Release|Any CPU
		{0D8387B3-58E6-4225-BF05-26F0443B70DC}.Release|Any CPU.Build.0 = Release|Any CPU
		{71FB8E2C-EC88-45D5-A64F-AC29B373291E}.Debug|Any CPU.ActiveCfg = Debug|Any CPU
		{71FB8E2C-EC88-45D5-A64F-AC29B373291E}.Debug|Any CPU.Build.0 = Debug|Any CPU
		{71FB8E2C-EC88-45D5-A64F-AC29B373291E}.Release|Any CPU.ActiveCfg = Release|Any CPU
		{71FB8E2C-EC88-45D5-A64F-AC29B373291E}.Release|Any CPU.Build.0 = Release|Any CPU
		{60A4A4C2-60CF-4D51-8229-EB748A6108E7}.Debug|Any CPU.ActiveCfg = Debug|Any CPU
		{60A4A4C2-60CF-4D51-8229-EB748A6108E7}.Debug|Any CPU.Build.0 = Debug|Any CPU
		{60A4A4C2-60CF-4D51-8229-EB748A6108E7}.Release|Any CPU.ActiveCfg = Release|Any CPU
		{60A4A4C2-60CF-4D51-8229-EB748A6108E7}.Release|Any CPU.Build.0 = Release|Any CPU
	EndGlobalSection
	GlobalSection(SolutionProperties) = preSolution
		HideSolutionNode = FALSE
	EndGlobalSection
	GlobalSection(ExtensibilityGlobals) = postSolution
		SolutionGuid = {FE5D448D-3C81-46CE-9B11-E3E1E2DEC68A}
	EndGlobalSection
EndGlobal
