
Microsoft Visual Studio Solution File, Format Version 12.00
# Visual Studio Version 17
VisualStudioVersion = 17.0.32126.317
MinimumVisualStudioVersion = 10.0.40219.1
Project("{FAE04EC0-301F-11D3-BF4B-00C04F79EFBC}") = "01.RecursiveArraySum", "01.RecursiveArraySum\01.RecursiveArraySum.csproj", "{B5BF4398-4881-4DDD-8A09-6B8E8322C73A}"
EndProject
Project("{FAE04EC0-301F-11D3-BF4B-00C04F79EFBC}") = "02.RecursiveFactorial", "02.RecursiveFactorial\02.RecursiveFactorial.csproj", "{AA676D75-8BC7-45DE-857C-F4D5AE6540E2}"
EndProject
Project("{FAE04EC0-301F-11D3-BF4B-00C04F79EFBC}") = "03.SumOfCoins", "03.SumOfCoins\03.SumOfCoins.csproj", "{812FC6C3-1216-4377-BB72-F11B4EB7DFB4}"
EndProject
Project("{FAE04EC0-301F-11D3-BF4B-00C04F79EFBC}") = "04.SetCover", "04.SetCover\04.SetCover.csproj", "{4D91F99C-EFC3-4394-8188-A8CF1117B32A}"
EndProject
Project("{FAE04EC0-301F-11D3-BF4B-00C04F79EFBC}") = "05.BinarySearch", "05.BinarySearch\05.BinarySearch.csproj", "{1D0D9CEC-D919-4270-BF6C-9B2DEDF9FF95}"
EndProject
Global
	GlobalSection(SolutionConfigurationPlatforms) = preSolution
		Debug|Any CPU = Debug|Any CPU
		Release|Any CPU = Release|Any CPU
	EndGlobalSection
	GlobalSection(ProjectConfigurationPlatforms) = postSolution
		{B5BF4398-4881-4DDD-8A09-6B8E8322C73A}.Debug|Any CPU.ActiveCfg = Debug|Any CPU
		{B5BF4398-4881-4DDD-8A09-6B8E8322C73A}.Debug|Any CPU.Build.0 = Debug|Any CPU
		{B5BF4398-4881-4DDD-8A09-6B8E8322C73A}.Release|Any CPU.ActiveCfg = Release|Any CPU
		{B5BF4398-4881-4DDD-8A09-6B8E8322C73A}.Release|Any CPU.Build.0 = Release|Any CPU
		{AA676D75-8BC7-45DE-857C-F4D5AE6540E2}.Debug|Any CPU.ActiveCfg = Debug|Any CPU
		{AA676D75-8BC7-45DE-857C-F4D5AE6540E2}.Debug|Any CPU.Build.0 = Debug|Any CPU
		{AA676D75-8BC7-45DE-857C-F4D5AE6540E2}.Release|Any CPU.ActiveCfg = Release|Any CPU
		{AA676D75-8BC7-45DE-857C-F4D5AE6540E2}.Release|Any CPU.Build.0 = Release|Any CPU
		{812FC6C3-1216-4377-BB72-F11B4EB7DFB4}.Debug|Any CPU.ActiveCfg = Debug|Any CPU
		{812FC6C3-1216-4377-BB72-F11B4EB7DFB4}.Debug|Any CPU.Build.0 = Debug|Any CPU
		{812FC6C3-1216-4377-BB72-F11B4EB7DFB4}.Release|Any CPU.ActiveCfg = Release|Any CPU
		{812FC6C3-1216-4377-BB72-F11B4EB7DFB4}.Release|Any CPU.Build.0 = Release|Any CPU
		{4D91F99C-EFC3-4394-8188-A8CF1117B32A}.Debug|Any CPU.ActiveCfg = Debug|Any CPU
		{4D91F99C-EFC3-4394-8188-A8CF1117B32A}.Debug|Any CPU.Build.0 = Debug|Any CPU
		{4D91F99C-EFC3-4394-8188-A8CF1117B32A}.Release|Any CPU.ActiveCfg = Release|Any CPU
		{4D91F99C-EFC3-4394-8188-A8CF1117B32A}.Release|Any CPU.Build.0 = Release|Any CPU
		{1D0D9CEC-D919-4270-BF6C-9B2DEDF9FF95}.Debug|Any CPU.ActiveCfg = Debug|Any CPU
		{1D0D9CEC-D919-4270-BF6C-9B2DEDF9FF95}.Debug|Any CPU.Build.0 = Debug|Any CPU
		{1D0D9CEC-D919-4270-BF6C-9B2DEDF9FF95}.Release|Any CPU.ActiveCfg = Release|Any CPU
		{1D0D9CEC-D919-4270-BF6C-9B2DEDF9FF95}.Release|Any CPU.Build.0 = Release|Any CPU
	EndGlobalSection
	GlobalSection(SolutionProperties) = preSolution
		HideSolutionNode = FALSE
	EndGlobalSection
	GlobalSection(ExtensibilityGlobals) = postSolution
		SolutionGuid = {A51021C6-1515-4550-84AD-7759415E2734}
	EndGlobalSection
EndGlobal
