
Microsoft Visual Studio Solution File, Format Version 12.00
# Visual Studio Version 17
VisualStudioVersion = 17.6.33815.320
MinimumVisualStudioVersion = 10.0.40219.1
Project("{FAE04EC0-301F-11D3-BF4B-00C04F79EFBC}") = "01.BitcoinMiners", "01.BitcoinMiners\01.BitcoinMiners.csproj", "{FD96C1F8-F2A2-4D85-9FD9-63EFA6F02447}"
EndProject
Project("{FAE04EC0-301F-11D3-BF4B-00C04F79EFBC}") = "03.BitcoinTransactions", "03.BitcoinTransactions\03.BitcoinTransactions.csproj", "{287AD144-C831-40B3-986C-69E4E1083C5B}"
EndProject
Project("{FAE04EC0-301F-11D3-BF4B-00C04F79EFBC}") = "02.Chainanalysis", "02.Chainanalysis\02.Chainanalysis.csproj", "{F5CEB8EE-CF88-40C6-997C-3A0C9C29CD81}"
EndProject
Global
	GlobalSection(SolutionConfigurationPlatforms) = preSolution
		Debug|Any CPU = Debug|Any CPU
		Release|Any CPU = Release|Any CPU
	EndGlobalSection
	GlobalSection(ProjectConfigurationPlatforms) = postSolution
		{FD96C1F8-F2A2-4D85-9FD9-63EFA6F02447}.Debug|Any CPU.ActiveCfg = Debug|Any CPU
		{FD96C1F8-F2A2-4D85-9FD9-63EFA6F02447}.Debug|Any CPU.Build.0 = Debug|Any CPU
		{FD96C1F8-F2A2-4D85-9FD9-63EFA6F02447}.Release|Any CPU.ActiveCfg = Release|Any CPU
		{FD96C1F8-F2A2-4D85-9FD9-63EFA6F02447}.Release|Any CPU.Build.0 = Release|Any CPU
		{287AD144-C831-40B3-986C-69E4E1083C5B}.Debug|Any CPU.ActiveCfg = Debug|Any CPU
		{287AD144-C831-40B3-986C-69E4E1083C5B}.Debug|Any CPU.Build.0 = Debug|Any CPU
		{287AD144-C831-40B3-986C-69E4E1083C5B}.Release|Any CPU.ActiveCfg = Release|Any CPU
		{287AD144-C831-40B3-986C-69E4E1083C5B}.Release|Any CPU.Build.0 = Release|Any CPU
		{F5CEB8EE-CF88-40C6-997C-3A0C9C29CD81}.Debug|Any CPU.ActiveCfg = Debug|Any CPU
		{F5CEB8EE-CF88-40C6-997C-3A0C9C29CD81}.Debug|Any CPU.Build.0 = Debug|Any CPU
		{F5CEB8EE-CF88-40C6-997C-3A0C9C29CD81}.Release|Any CPU.ActiveCfg = Release|Any CPU
		{F5CEB8EE-CF88-40C6-997C-3A0C9C29CD81}.Release|Any CPU.Build.0 = Release|Any CPU
	EndGlobalSection
	GlobalSection(SolutionProperties) = preSolution
		HideSolutionNode = FALSE
	EndGlobalSection
	GlobalSection(ExtensibilityGlobals) = postSolution
		SolutionGuid = {1E2F41C5-AE2E-48C1-988E-B2C6E3497215}
	EndGlobalSection
EndGlobal
