
Microsoft Visual Studio Solution File, Format Version 12.00
# Visual Studio 15
VisualStudioVersion = 15.0.28307.1500
MinimumVisualStudioVersion = 10.0.40219.1
Project("{9A19103F-16F7-4668-BE54-9A1E7A4F7556}") = "01. Numbers Ending in 7", "01. Numbers Ending in 7\01. Numbers Ending in 7.csproj", "{0A9334A3-9480-430B-B32A-94DED24EF915}"
EndProject
Project("{9A19103F-16F7-4668-BE54-9A1E7A4F7556}") = "02. Half Sum Element", "02. Half Sum Element\02. Half Sum Element.csproj", "{FA102D9C-8BDC-4040-9029-B9FE033E9631}"
EndProject
Project("{9A19103F-16F7-4668-BE54-9A1E7A4F7556}") = "03. Odd - Even Position", "03. Odd - Even Position\03. Odd - Even Position.csproj", "{2AC2D7E2-AEC0-478F-B75B-9A01039FF497}"
EndProject
Project("{9A19103F-16F7-4668-BE54-9A1E7A4F7556}") = "04. Histogram", "04. Histogram\04. Histogram.csproj", "{24C822A4-D7AF-43E8-A07A-7591FE4444AE}"
EndProject
Project("{FAE04EC0-301F-11D3-BF4B-00C04F79EFBC}") = "05. Divide Without Remainder", "05. Divide Without Remainder\05. Divide Without Remainder.csproj", "{EB09A207-13E2-4063-8FCE-D07DD79290D8}"
EndProject
Project("{FAE04EC0-301F-11D3-BF4B-00C04F79EFBC}") = "06. Salary", "06. Salary\06. Salary.csproj", "{3197749F-4F0E-4A49-ACEC-8DB03E47FCA6}"
EndProject
Global
	GlobalSection(SolutionConfigurationPlatforms) = preSolution
		Debug|Any CPU = Debug|Any CPU
		Release|Any CPU = Release|Any CPU
	EndGlobalSection
	GlobalSection(ProjectConfigurationPlatforms) = postSolution
		{0A9334A3-9480-430B-B32A-94DED24EF915}.Debug|Any CPU.ActiveCfg = Debug|Any CPU
		{0A9334A3-9480-430B-B32A-94DED24EF915}.Debug|Any CPU.Build.0 = Debug|Any CPU
		{0A9334A3-9480-430B-B32A-94DED24EF915}.Release|Any CPU.ActiveCfg = Release|Any CPU
		{0A9334A3-9480-430B-B32A-94DED24EF915}.Release|Any CPU.Build.0 = Release|Any CPU
		{FA102D9C-8BDC-4040-9029-B9FE033E9631}.Debug|Any CPU.ActiveCfg = Debug|Any CPU
		{FA102D9C-8BDC-4040-9029-B9FE033E9631}.Debug|Any CPU.Build.0 = Debug|Any CPU
		{FA102D9C-8BDC-4040-9029-B9FE033E9631}.Release|Any CPU.ActiveCfg = Release|Any CPU
		{FA102D9C-8BDC-4040-9029-B9FE033E9631}.Release|Any CPU.Build.0 = Release|Any CPU
		{2AC2D7E2-AEC0-478F-B75B-9A01039FF497}.Debug|Any CPU.ActiveCfg = Debug|Any CPU
		{2AC2D7E2-AEC0-478F-B75B-9A01039FF497}.Debug|Any CPU.Build.0 = Debug|Any CPU
		{2AC2D7E2-AEC0-478F-B75B-9A01039FF497}.Release|Any CPU.ActiveCfg = Release|Any CPU
		{2AC2D7E2-AEC0-478F-B75B-9A01039FF497}.Release|Any CPU.Build.0 = Release|Any CPU
		{24C822A4-D7AF-43E8-A07A-7591FE4444AE}.Debug|Any CPU.ActiveCfg = Debug|Any CPU
		{24C822A4-D7AF-43E8-A07A-7591FE4444AE}.Debug|Any CPU.Build.0 = Debug|Any CPU
		{24C822A4-D7AF-43E8-A07A-7591FE4444AE}.Release|Any CPU.ActiveCfg = Release|Any CPU
		{24C822A4-D7AF-43E8-A07A-7591FE4444AE}.Release|Any CPU.Build.0 = Release|Any CPU
		{EB09A207-13E2-4063-8FCE-D07DD79290D8}.Debug|Any CPU.ActiveCfg = Debug|Any CPU
		{EB09A207-13E2-4063-8FCE-D07DD79290D8}.Debug|Any CPU.Build.0 = Debug|Any CPU
		{EB09A207-13E2-4063-8FCE-D07DD79290D8}.Release|Any CPU.ActiveCfg = Release|Any CPU
		{EB09A207-13E2-4063-8FCE-D07DD79290D8}.Release|Any CPU.Build.0 = Release|Any CPU
		{3197749F-4F0E-4A49-ACEC-8DB03E47FCA6}.Debug|Any CPU.ActiveCfg = Debug|Any CPU
		{3197749F-4F0E-4A49-ACEC-8DB03E47FCA6}.Debug|Any CPU.Build.0 = Debug|Any CPU
		{3197749F-4F0E-4A49-ACEC-8DB03E47FCA6}.Release|Any CPU.ActiveCfg = Release|Any CPU
		{3197749F-4F0E-4A49-ACEC-8DB03E47FCA6}.Release|Any CPU.Build.0 = Release|Any CPU
	EndGlobalSection
	GlobalSection(SolutionProperties) = preSolution
		HideSolutionNode = FALSE
	EndGlobalSection
	GlobalSection(ExtensibilityGlobals) = postSolution
		SolutionGuid = {32380153-1219-4371-BC7E-CA82716268FC}
	EndGlobalSection
EndGlobal
