
Microsoft Visual Studio Solution File, Format Version 12.00
# Visual Studio Version 16
VisualStudioVersion = 16.0.32106.194
MinimumVisualStudioVersion = 10.0.40219.1
Project("{FAE04EC0-301F-11D3-BF4B-00C04F79EFBC}") = "02.Snake", "02.Snake\02.Snake.csproj", "{C4EB34DC-AB02-4C54-936E-B496AF7C4348}"
EndProject
Global
	GlobalSection(SolutionConfigurationPlatforms) = preSolution
		Debug|Any CPU = Debug|Any CPU
		Release|Any CPU = Release|Any CPU
	EndGlobalSection
	GlobalSection(ProjectConfigurationPlatforms) = postSolution
		{C4EB34DC-AB02-4C54-936E-B496AF7C4348}.Debug|Any CPU.ActiveCfg = Debug|Any CPU
		{C4EB34DC-AB02-4C54-936E-B496AF7C4348}.Debug|Any CPU.Build.0 = Debug|Any CPU
		{C4EB34DC-AB02-4C54-936E-B496AF7C4348}.Release|Any CPU.ActiveCfg = Release|Any CPU
		{C4EB34DC-AB02-4C54-936E-B496AF7C4348}.Release|Any CPU.Build.0 = Release|Any CPU
	EndGlobalSection
	GlobalSection(SolutionProperties) = preSolution
		HideSolutionNode = FALSE
	EndGlobalSection
	GlobalSection(ExtensibilityGlobals) = postSolution
		SolutionGuid = {8692C846-F4CD-4A38-B723-21A5C9B08FAA}
	EndGlobalSection
EndGlobal
