
Microsoft Visual Studio Solution File, Format Version 12.00
# Visual Studio 15
VisualStudioVersion = 15.0.28307.1525
MinimumVisualStudioVersion = 10.0.40219.1
Project("{9A19103F-16F7-4668-BE54-9A1E7A4F7556}") = "03. Heart Delivery", "03. Heart Delivery\03. Heart Delivery.csproj", "{290CC2E4-5259-4126-930A-4FD619160A17}"
EndProject
Project("{FAE04EC0-301F-11D3-BF4B-00C04F79EFBC}") = "01. Guinea Pig", "01. Guinea Pig\01. Guinea Pig.csproj", "{435A5B13-2033-4077-88AD-077D6F96A8F5}"
EndProject
Project("{FAE04EC0-301F-11D3-BF4B-00C04F79EFBC}") = "02. Shopping List", "02. Shopping List\02. Shopping List.csproj", "{D7EA7CE5-5BBD-4DB6-9DD2-8C95A69CB41E}"
EndProject
Global
	GlobalSection(SolutionConfigurationPlatforms) = preSolution
		Debug|Any CPU = Debug|Any CPU
		Release|Any CPU = Release|Any CPU
	EndGlobalSection
	GlobalSection(ProjectConfigurationPlatforms) = postSolution
		{290CC2E4-5259-4126-930A-4FD619160A17}.Debug|Any CPU.ActiveCfg = Debug|Any CPU
		{290CC2E4-5259-4126-930A-4FD619160A17}.Debug|Any CPU.Build.0 = Debug|Any CPU
		{290CC2E4-5259-4126-930A-4FD619160A17}.Release|Any CPU.ActiveCfg = Release|Any CPU
		{290CC2E4-5259-4126-930A-4FD619160A17}.Release|Any CPU.Build.0 = Release|Any CPU
		{435A5B13-2033-4077-88AD-077D6F96A8F5}.Debug|Any CPU.ActiveCfg = Debug|Any CPU
		{435A5B13-2033-4077-88AD-077D6F96A8F5}.Debug|Any CPU.Build.0 = Debug|Any CPU
		{435A5B13-2033-4077-88AD-077D6F96A8F5}.Release|Any CPU.ActiveCfg = Release|Any CPU
		{435A5B13-2033-4077-88AD-077D6F96A8F5}.Release|Any CPU.Build.0 = Release|Any CPU
		{D7EA7CE5-5BBD-4DB6-9DD2-8C95A69CB41E}.Debug|Any CPU.ActiveCfg = Debug|Any CPU
		{D7EA7CE5-5BBD-4DB6-9DD2-8C95A69CB41E}.Debug|Any CPU.Build.0 = Debug|Any CPU
		{D7EA7CE5-5BBD-4DB6-9DD2-8C95A69CB41E}.Release|Any CPU.ActiveCfg = Release|Any CPU
		{D7EA7CE5-5BBD-4DB6-9DD2-8C95A69CB41E}.Release|Any CPU.Build.0 = Release|Any CPU
	EndGlobalSection
	GlobalSection(SolutionProperties) = preSolution
		HideSolutionNode = FALSE
	EndGlobalSection
	GlobalSection(ExtensibilityGlobals) = postSolution
		SolutionGuid = {AF5D3097-F799-4293-B50A-85D769A78394}
	EndGlobalSection
EndGlobal
