
Microsoft Visual Studio Solution File, Format Version 12.00
# Visual Studio 15
VisualStudioVersion = 15.0.28307.1500
MinimumVisualStudioVersion = 10.0.40219.1
Project("{FAE04EC0-301F-11D3-BF4B-00C04F79EFBC}") = "VacationBooksList", "VacationBooksList\VacationBooksList.csproj", "{34CE9A47-25EF-4BB9-A2D9-8F26EF25E128}"
EndProject
Global
	GlobalSection(SolutionConfigurationPlatforms) = preSolution
		Debug|Any CPU = Debug|Any CPU
		Release|Any CPU = Release|Any CPU
	EndGlobalSection
	GlobalSection(ProjectConfigurationPlatforms) = postSolution
		{34CE9A47-25EF-4BB9-A2D9-8F26EF25E128}.Debug|Any CPU.ActiveCfg = Debug|Any CPU
		{34CE9A47-25EF-4BB9-A2D9-8F26EF25E128}.Debug|Any CPU.Build.0 = Debug|Any CPU
		{34CE9A47-25EF-4BB9-A2D9-8F26EF25E128}.Release|Any CPU.ActiveCfg = Release|Any CPU
		{34CE9A47-25EF-4BB9-A2D9-8F26EF25E128}.Release|Any CPU.Build.0 = Release|Any CPU
	EndGlobalSection
	GlobalSection(SolutionProperties) = preSolution
		HideSolutionNode = FALSE
	EndGlobalSection
	GlobalSection(ExtensibilityGlobals) = postSolution
		SolutionGuid = {5C906961-29CA-4E06-9818-EBCB3EB4100B}
	EndGlobalSection
EndGlobal
