
Microsoft Visual Studio Solution File, Format Version 12.00
# Visual Studio Version 17
VisualStudioVersion = 17.1.32210.238
MinimumVisualStudioVersion = 10.0.40219.1
Project("{FAE04EC0-301F-11D3-BF4B-00C04F79EFBC}") = "SOLID", "SOLID\SOLID.csproj", "{D24B0C75-14A4-425F-922B-56644FDFA0A9}"
EndProject
Global
	GlobalSection(SolutionConfigurationPlatforms) = preSolution
		Debug|Any CPU = Debug|Any CPU
		Release|Any CPU = Release|Any CPU
	EndGlobalSection
	GlobalSection(ProjectConfigurationPlatforms) = postSolution
		{D24B0C75-14A4-425F-922B-56644FDFA0A9}.Debug|Any CPU.ActiveCfg = Debug|Any CPU
		{D24B0C75-14A4-425F-922B-56644FDFA0A9}.Debug|Any CPU.Build.0 = Debug|Any CPU
		{D24B0C75-14A4-425F-922B-56644FDFA0A9}.Release|Any CPU.ActiveCfg = Release|Any CPU
		{D24B0C75-14A4-425F-922B-56644FDFA0A9}.Release|Any CPU.Build.0 = Release|Any CPU
	EndGlobalSection
	GlobalSection(SolutionProperties) = preSolution
		HideSolutionNode = FALSE
	EndGlobalSection
	GlobalSection(ExtensibilityGlobals) = postSolution
		SolutionGuid = {1C4D36A4-55CF-47F4-B7A7-94E9223F81E0}
	EndGlobalSection
EndGlobal
