
Microsoft Visual Studio Solution File, Format Version 12.00
# Visual Studio Version 17
VisualStudioVersion = 17.3.32901.215
MinimumVisualStudioVersion = 10.0.40219.1
Project("{FAE04EC0-301F-11D3-BF4B-00C04F79EFBC}") = "VerbsIntroduction", "VerbsIntroduction\VerbsIntroduction.csproj", "{B6FE964F-406E-4ED7-A421-8FA85A27644E}"
EndProject
Global
	GlobalSection(SolutionConfigurationPlatforms) = preSolution
		Debug|Any CPU = Debug|Any CPU
		Release|Any CPU = Release|Any CPU
	EndGlobalSection
	GlobalSection(ProjectConfigurationPlatforms) = postSolution
		{B6FE964F-406E-4ED7-A421-8FA85A27644E}.Debug|Any CPU.ActiveCfg = Debug|Any CPU
		{B6FE964F-406E-4ED7-A421-8FA85A27644E}.Debug|Any CPU.Build.0 = Debug|Any CPU
		{B6FE964F-406E-4ED7-A421-8FA85A27644E}.Release|Any CPU.ActiveCfg = Release|Any CPU
		{B6FE964F-406E-4ED7-A421-8FA85A27644E}.Release|Any CPU.Build.0 = Release|Any CPU
	EndGlobalSection
	GlobalSection(SolutionProperties) = preSolution
		HideSolutionNode = FALSE
	EndGlobalSection
	GlobalSection(ExtensibilityGlobals) = postSolution
		SolutionGuid = {0196FF23-178C-4657-A397-46501F8106BB}
	EndGlobalSection
EndGlobal
