
Microsoft Visual Studio Solution File, Format Version 12.00
# Visual Studio Version 17
VisualStudioVersion = 17.6.33829.357
MinimumVisualStudioVersion = 10.0.40219.1
Project("{9A19103F-16F7-4668-BE54-9A1E7A4F7556}") = "01.ElectricalSubstationNetwork", "01.ElectricalSubstationNetwork\01.ElectricalSubstationNetwork.csproj", "{8E05DF17-1D08-40C8-9B3A-02B2CC2AE856}"
EndProject
Project("{FAE04EC0-301F-11D3-BF4B-00C04F79EFBC}") = "02.MaximumTasksAssignment", "02.MaximumTasksAssignment\02.MaximumTasksAssignment.csproj", "{E96EA10D-4214-481A-9FC5-051209FDDEAD}"
EndProject
Project("{FAE04EC0-301F-11D3-BF4B-00C04F79EFBC}") = "03.FindBi-ConnectedComponents", "03.FindBi-ConnectedComponents\03.FindBi-ConnectedComponents.csproj", "{38C1B78B-83EA-4715-9F02-35B376C54A48}"
EndProject
Global
	GlobalSection(SolutionConfigurationPlatforms) = preSolution
		Debug|Any CPU = Debug|Any CPU
		Release|Any CPU = Release|Any CPU
	EndGlobalSection
	GlobalSection(ProjectConfigurationPlatforms) = postSolution
		{8E05DF17-1D08-40C8-9B3A-02B2CC2AE856}.Debug|Any CPU.ActiveCfg = Debug|Any CPU
		{8E05DF17-1D08-40C8-9B3A-02B2CC2AE856}.Debug|Any CPU.Build.0 = Debug|Any CPU
		{8E05DF17-1D08-40C8-9B3A-02B2CC2AE856}.Release|Any CPU.ActiveCfg = Release|Any CPU
		{8E05DF17-1D08-40C8-9B3A-02B2CC2AE856}.Release|Any CPU.Build.0 = Release|Any CPU
		{E96EA10D-4214-481A-9FC5-051209FDDEAD}.Debug|Any CPU.ActiveCfg = Debug|Any CPU
		{E96EA10D-4214-481A-9FC5-051209FDDEAD}.Debug|Any CPU.Build.0 = Debug|Any CPU
		{E96EA10D-4214-481A-9FC5-051209FDDEAD}.Release|Any CPU.ActiveCfg = Release|Any CPU
		{E96EA10D-4214-481A-9FC5-051209FDDEAD}.Release|Any CPU.Build.0 = Release|Any CPU
		{38C1B78B-83EA-4715-9F02-35B376C54A48}.Debug|Any CPU.ActiveCfg = Debug|Any CPU
		{38C1B78B-83EA-4715-9F02-35B376C54A48}.Debug|Any CPU.Build.0 = Debug|Any CPU
		{38C1B78B-83EA-4715-9F02-35B376C54A48}.Release|Any CPU.ActiveCfg = Release|Any CPU
		{38C1B78B-83EA-4715-9F02-35B376C54A48}.Release|Any CPU.Build.0 = Release|Any CPU
	EndGlobalSection
	GlobalSection(SolutionProperties) = preSolution
		HideSolutionNode = FALSE
	EndGlobalSection
	GlobalSection(ExtensibilityGlobals) = postSolution
		SolutionGuid = {2E473A94-FF80-4200-BA92-70738B059B64}
	EndGlobalSection
EndGlobal
