
Microsoft Visual Studio Solution File, Format Version 12.00
# Visual Studio Version 17
VisualStudioVersion = 17.6.33829.357
MinimumVisualStudioVersion = 10.0.40219.1
Project("{FAE04EC0-301F-11D3-BF4B-00C04F79EFBC}") = "01.RodCutting-Iterative", "01.RodCutting-Iterative\01.RodCutting-Iterative.csproj", "{AEC05BC6-944C-48FE-A37E-6A13AD1D9544}"
EndProject
Project("{FAE04EC0-301F-11D3-BF4B-00C04F79EFBC}") = "01.RodCutting-Recursive", "01.RodCutting-Recursive\01.RodCutting-Recursive.csproj", "{A198DEF3-EE81-49A2-B50C-4565351EFDDB}"
EndProject
Project("{FAE04EC0-301F-11D3-BF4B-00C04F79EFBC}") = "02.Knapsack", "02.Knapsack\02.Knapsack.csproj", "{C8344AD6-1B21-40D8-A71F-5978E6647990}"
EndProject
Project("{FAE04EC0-301F-11D3-BF4B-00C04F79EFBC}") = "03.LongestIncreasingSubsequence", "03.LongestIncreasingSubsequence\03.LongestIncreasingSubsequence.csproj", "{BE3F557A-7AAD-46A0-B73A-309F2A74D588}"
EndProject
Global
	GlobalSection(SolutionConfigurationPlatforms) = preSolution
		Debug|Any CPU = Debug|Any CPU
		Release|Any CPU = Release|Any CPU
	EndGlobalSection
	GlobalSection(ProjectConfigurationPlatforms) = postSolution
		{AEC05BC6-944C-48FE-A37E-6A13AD1D9544}.Debug|Any CPU.ActiveCfg = Debug|Any CPU
		{AEC05BC6-944C-48FE-A37E-6A13AD1D9544}.Debug|Any CPU.Build.0 = Debug|Any CPU
		{AEC05BC6-944C-48FE-A37E-6A13AD1D9544}.Release|Any CPU.ActiveCfg = Release|Any CPU
		{AEC05BC6-944C-48FE-A37E-6A13AD1D9544}.Release|Any CPU.Build.0 = Release|Any CPU
		{A198DEF3-EE81-49A2-B50C-4565351EFDDB}.Debug|Any CPU.ActiveCfg = Debug|Any CPU
		{A198DEF3-EE81-49A2-B50C-4565351EFDDB}.Debug|Any CPU.Build.0 = Debug|Any CPU
		{A198DEF3-EE81-49A2-B50C-4565351EFDDB}.Release|Any CPU.ActiveCfg = Release|Any CPU
		{A198DEF3-EE81-49A2-B50C-4565351EFDDB}.Release|Any CPU.Build.0 = Release|Any CPU
		{C8344AD6-1B21-40D8-A71F-5978E6647990}.Debug|Any CPU.ActiveCfg = Debug|Any CPU
		{C8344AD6-1B21-40D8-A71F-5978E6647990}.Debug|Any CPU.Build.0 = Debug|Any CPU
		{C8344AD6-1B21-40D8-A71F-5978E6647990}.Release|Any CPU.ActiveCfg = Release|Any CPU
		{C8344AD6-1B21-40D8-A71F-5978E6647990}.Release|Any CPU.Build.0 = Release|Any CPU
		{BE3F557A-7AAD-46A0-B73A-309F2A74D588}.Debug|Any CPU.ActiveCfg = Debug|Any CPU
		{BE3F557A-7AAD-46A0-B73A-309F2A74D588}.Debug|Any CPU.Build.0 = Debug|Any CPU
		{BE3F557A-7AAD-46A0-B73A-309F2A74D588}.Release|Any CPU.ActiveCfg = Release|Any CPU
		{BE3F557A-7AAD-46A0-B73A-309F2A74D588}.Release|Any CPU.Build.0 = Release|Any CPU
	EndGlobalSection
	GlobalSection(SolutionProperties) = preSolution
		HideSolutionNode = FALSE
	EndGlobalSection
	GlobalSection(ExtensibilityGlobals) = postSolution
		SolutionGuid = {EE2D2996-E8EF-40C5-90AA-66D8CA221F4F}
	EndGlobalSection
EndGlobal
